// !$*UTF8*$!
{
	archiveVersion = 1;
	classes = {
	};
	objectVersion = 46;
	objects = {

/* Begin PBXBuildFile section */
		7500251217CB82FF008CC090 /* CostCalculator.cpp in Sources */ = {isa = PBXBuildFile; fileRef = 7500251017CB82FF008CC090 /* CostCalculator.cpp */; };
		7587BDB517C79D4000E0D416 /* TestsHolder.cpp in Sources */ = {isa = PBXBuildFile; fileRef = 7587BDB417C79D4000E0D416 /* TestsHolder.cpp */; };
		758875F617DC7ED1004D557F /* Hardware.cpp in Sources */ = {isa = PBXBuildFile; fileRef = 758875F417DC7ED1004D557F /* Hardware.cpp */; };
		758875F917DCD2E7004D557F /* GenericClock.cpp in Sources */ = {isa = PBXBuildFile; fileRef = 758875F717DCD2E7004D557F /* GenericClock.cpp */; };
		75ABD72317C5253E00BED3AB /* Instruction.cpp in Sources */ = {isa = PBXBuildFile; fileRef = 75ABD72217C5253E00BED3AB /* Instruction.cpp */; };
		75C7E38B17C3CA72001247DA /* main.cpp in Sources */ = {isa = PBXBuildFile; fileRef = 75C7E38A17C3CA72001247DA /* main.cpp */; };
		75C7E38F17C3D49B001247DA /* Core.cpp in Sources */ = {isa = PBXBuildFile; fileRef = 75C7E38D17C3D49B001247DA /* Core.cpp */; };
/* End PBXBuildFile section */

/* Begin PBXCopyFilesBuildPhase section */
		75C7E37B17C3CA00001247DA /* CopyFiles */ = {
			isa = PBXCopyFilesBuildPhase;
			buildActionMask = 2147483647;
			dstPath = /usr/share/man/man1/;
			dstSubfolderSpec = 0;
			files = (
			);
			runOnlyForDeploymentPostprocessing = 1;
		};
/* End PBXCopyFilesBuildPhase section */

/* Begin PBXFileReference section */
		6DF0DA9A17CCE6BA0048EBF5 /* SpecialOpcodesTests.h */ = {isa = PBXFileReference; lastKnownFileType = sourcecode.c.h; path = SpecialOpcodesTests.h; sourceTree = "<group>"; };
		6DF0DA9B17CCEF240048EBF5 /* DCPUException.h */ = {isa = PBXFileReference; lastKnownFileType = sourcecode.c.h; path = DCPUException.h; sourceTree = "<group>"; };
		7500250D17C8D5DD008CC090 /* OpcodesTests.h */ = {isa = PBXFileReference; lastKnownFileType = sourcecode.c.h; path = OpcodesTests.h; sourceTree = "<group>"; };
		7500250E17C8E1B7008CC090 /* Util.h */ = {isa = PBXFileReference; lastKnownFileType = sourcecode.c.h; path = Util.h; sourceTree = "<group>"; };
		7500251017CB82FF008CC090 /* CostCalculator.cpp */ = {isa = PBXFileReference; fileEncoding = 4; lastKnownFileType = sourcecode.cpp.cpp; path = CostCalculator.cpp; sourceTree = "<group>"; };
		7500251117CB82FF008CC090 /* CostCalculator.h */ = {isa = PBXFileReference; fileEncoding = 4; lastKnownFileType = sourcecode.c.h; path = CostCalculator.h; sourceTree = "<group>"; };
		7587BDAE17C798E700E0D416 /* tests.h */ = {isa = PBXFileReference; lastKnownFileType = sourcecode.c.h; path = tests.h; sourceTree = "<group>"; };
		7587BDB017C79A3600E0D416 /* TestsHolder.h */ = {isa = PBXFileReference; lastKnownFileType = sourcecode.c.h; path = TestsHolder.h; sourceTree = "<group>"; };
		7587BDB417C79D4000E0D416 /* TestsHolder.cpp */ = {isa = PBXFileReference; fileEncoding = 4; lastKnownFileType = sourcecode.cpp.cpp; path = TestsHolder.cpp; sourceTree = "<group>"; };
		7587BDB817C7A14600E0D416 /* BaseTests.h */ = {isa = PBXFileReference; lastKnownFileType = sourcecode.c.h; path = BaseTests.h; sourceTree = "<group>"; };
		7587BDB917C7BA1100E0D416 /* TestsUtil.h */ = {isa = PBXFileReference; lastKnownFileType = sourcecode.c.h; path = TestsUtil.h; sourceTree = "<group>"; };
		758875F417DC7ED1004D557F /* Hardware.cpp */ = {isa = PBXFileReference; fileEncoding = 4; lastKnownFileType = sourcecode.cpp.cpp; path = Hardware.cpp; sourceTree = "<group>"; };
		758875F517DC7ED1004D557F /* Hardware.h */ = {isa = PBXFileReference; fileEncoding = 4; lastKnownFileType = sourcecode.c.h; path = Hardware.h; sourceTree = "<group>"; };
		758875F717DCD2E7004D557F /* GenericClock.cpp */ = {isa = PBXFileReference; fileEncoding = 4; lastKnownFileType = sourcecode.cpp.cpp; path = GenericClock.cpp; sourceTree = "<group>"; };
		758875F817DCD2E7004D557F /* GenericClock.h */ = {isa = PBXFileReference; fileEncoding = 4; lastKnownFileType = sourcecode.c.h; path = GenericClock.h; sourceTree = "<group>"; };
		758875FA17DCD424004D557F /* Manufacturers.h */ = {isa = PBXFileReference; lastKnownFileType = sourcecode.c.h; path = Manufacturers.h; sourceTree = "<group>"; };
		75ABD72217C5253E00BED3AB /* Instruction.cpp */ = {isa = PBXFileReference; fileEncoding = 4; lastKnownFileType = sourcecode.cpp.cpp; path = Instruction.cpp; sourceTree = "<group>"; };
		75C7E37D17C3CA00001247DA /* dcpu */ = {isa = PBXFileReference; explicitFileType = "compiled.mach-o.executable"; includeInIndex = 0; path = dcpu; sourceTree = BUILT_PRODUCTS_DIR; };
		75C7E38A17C3CA72001247DA /* main.cpp */ = {isa = PBXFileReference; fileEncoding = 4; lastKnownFileType = sourcecode.cpp.cpp; path = main.cpp; sourceTree = "<group>"; };
		75C7E38C17C3CDF3001247DA /* Opcodes.h */ = {isa = PBXFileReference; lastKnownFileType = sourcecode.c.h; path = Opcodes.h; sourceTree = "<group>"; };
		75C7E38D17C3D49B001247DA /* Core.cpp */ = {isa = PBXFileReference; fileEncoding = 4; lastKnownFileType = sourcecode.cpp.cpp; path = Core.cpp; sourceTree = "<group>"; };
		75C7E38E17C3D49B001247DA /* Core.h */ = {isa = PBXFileReference; fileEncoding = 4; lastKnownFileType = sourcecode.c.h; path = Core.h; sourceTree = "<group>"; };
		75C7E39017C3D9B9001247DA /* Registers.h */ = {isa = PBXFileReference; lastKnownFileType = sourcecode.c.h; path = Registers.h; sourceTree = "<group>"; };
		75C7E39117C3DF74001247DA /* Instruction.h */ = {isa = PBXFileReference; lastKnownFileType = sourcecode.c.h; path = Instruction.h; sourceTree = "<group>"; };
/* End PBXFileReference section */

/* Begin PBXFrameworksBuildPhase section */
		75C7E37A17C3CA00001247DA /* Frameworks */ = {
			isa = PBXFrameworksBuildPhase;
			buildActionMask = 2147483647;
			files = (
			);
			runOnlyForDeploymentPostprocessing = 0;
		};
/* End PBXFrameworksBuildPhase section */

/* Begin PBXGroup section */
		7587BDAF17C7994800E0D416 /* test */ = {
			isa = PBXGroup;
			children = (
				7587BDAE17C798E700E0D416 /* tests.h */,
				7587BDB017C79A3600E0D416 /* TestsHolder.h */,
				7587BDB417C79D4000E0D416 /* TestsHolder.cpp */,
				7587BDB817C7A14600E0D416 /* BaseTests.h */,
				7587BDB917C7BA1100E0D416 /* TestsUtil.h */,
				7500250D17C8D5DD008CC090 /* OpcodesTests.h */,
				6DF0DA9A17CCE6BA0048EBF5 /* SpecialOpcodesTests.h */,
			);
			name = test;
			path = ../../tests;
			sourceTree = "<group>";
		};
		75C7E37417C3CA00001247DA = {
			isa = PBXGroup;
			children = (
				7587BDAF17C7994800E0D416 /* test */,
				75C7E38917C3CA5F001247DA /* src */,
				75C7E37E17C3CA00001247DA /* Products */,
			);
			sourceTree = "<group>";
		};
		75C7E37E17C3CA00001247DA /* Products */ = {
			isa = PBXGroup;
			children = (
				75C7E37D17C3CA00001247DA /* dcpu */,
			);
			name = Products;
			sourceTree = "<group>";
		};
		75C7E38917C3CA5F001247DA /* src */ = {
			isa = PBXGroup;
			children = (
				75C7E38A17C3CA72001247DA /* main.cpp */,
				75C7E38C17C3CDF3001247DA /* Opcodes.h */,
				75C7E38D17C3D49B001247DA /* Core.cpp */,
				75C7E38E17C3D49B001247DA /* Core.h */,
				75C7E39017C3D9B9001247DA /* Registers.h */,
				75C7E39117C3DF74001247DA /* Instruction.h */,
				75ABD72217C5253E00BED3AB /* Instruction.cpp */,
				7500250E17C8E1B7008CC090 /* Util.h */,
				7500251017CB82FF008CC090 /* CostCalculator.cpp */,
				7500251117CB82FF008CC090 /* CostCalculator.h */,
				6DF0DA9B17CCEF240048EBF5 /* DCPUException.h */,
				758875F417DC7ED1004D557F /* Hardware.cpp */,
				758875F517DC7ED1004D557F /* Hardware.h */,
				758875F717DCD2E7004D557F /* GenericClock.cpp */,
				758875F817DCD2E7004D557F /* GenericClock.h */,
				758875FA17DCD424004D557F /* Manufacturers.h */,
			);
			name = src;
			path = ../../src;
			sourceTree = "<group>";
		};
/* End PBXGroup section */

/* Begin PBXNativeTarget section */
		75C7E37C17C3CA00001247DA /* dcpu */ = {
			isa = PBXNativeTarget;
			buildConfigurationList = 75C7E38617C3CA00001247DA /* Build configuration list for PBXNativeTarget "dcpu" */;
			buildPhases = (
				75C7E37917C3CA00001247DA /* Sources */,
				75C7E37A17C3CA00001247DA /* Frameworks */,
				75C7E37B17C3CA00001247DA /* CopyFiles */,
			);
			buildRules = (
			);
			dependencies = (
			);
			name = dcpu;
			productName = dcpu;
			productReference = 75C7E37D17C3CA00001247DA /* dcpu */;
			productType = "com.apple.product-type.tool";
		};
/* End PBXNativeTarget section */

/* Begin PBXProject section */
		75C7E37517C3CA00001247DA /* Project object */ = {
			isa = PBXProject;
			attributes = {
				LastUpgradeCheck = 0500;
				ORGANIZATIONNAME = "Artur Mazurek";
			};
			buildConfigurationList = 75C7E37817C3CA00001247DA /* Build configuration list for PBXProject "dcpu" */;
			compatibilityVersion = "Xcode 3.2";
			developmentRegion = English;
			hasScannedForEncodings = 0;
			knownRegions = (
				en,
			);
			mainGroup = 75C7E37417C3CA00001247DA;
			productRefGroup = 75C7E37E17C3CA00001247DA /* Products */;
			projectDirPath = "";
			projectRoot = "";
			targets = (
				75C7E37C17C3CA00001247DA /* dcpu */,
			);
		};
/* End PBXProject section */

/* Begin PBXSourcesBuildPhase section */
		75C7E37917C3CA00001247DA /* Sources */ = {
			isa = PBXSourcesBuildPhase;
			buildActionMask = 2147483647;
			files = (
				75C7E38F17C3D49B001247DA /* Core.cpp in Sources */,
				758875F917DCD2E7004D557F /* GenericClock.cpp in Sources */,
				758875F617DC7ED1004D557F /* Hardware.cpp in Sources */,
				75C7E38B17C3CA72001247DA /* main.cpp in Sources */,
				7587BDB517C79D4000E0D416 /* TestsHolder.cpp in Sources */,
				7500251217CB82FF008CC090 /* CostCalculator.cpp in Sources */,
				75ABD72317C5253E00BED3AB /* Instruction.cpp in Sources */,
			);
			runOnlyForDeploymentPostprocessing = 0;
		};
/* End PBXSourcesBuildPhase section */

/* Begin XCBuildConfiguration section */
		75C7E38417C3CA00001247DA /* Debug */ = {
			isa = XCBuildConfiguration;
			buildSettings = {
				ALWAYS_SEARCH_USER_PATHS = NO;
				CLANG_CXX_LANGUAGE_STANDARD = "gnu++0x";
				CLANG_CXX_LIBRARY = "libc++";
				CLANG_ENABLE_MODULES = YES;
				CLANG_ENABLE_OBJC_ARC = YES;
				CLANG_WARN_BOOL_CONVERSION = YES;
				CLANG_WARN_CONSTANT_CONVERSION = YES;
				CLANG_WARN_DIRECT_OBJC_ISA_USAGE = YES_ERROR;
				CLANG_WARN_EMPTY_BODY = YES;
				CLANG_WARN_ENUM_CONVERSION = YES;
				CLANG_WARN_INT_CONVERSION = YES;
				CLANG_WARN_OBJC_ROOT_CLASS = YES_ERROR;
				CLANG_WARN__DUPLICATE_METHOD_MATCH = YES;
				COPY_PHASE_STRIP = NO;
				GCC_C_LANGUAGE_STANDARD = gnu99;
				GCC_DYNAMIC_NO_PIC = NO;
				GCC_ENABLE_OBJC_EXCEPTIONS = YES;
				GCC_OPTIMIZATION_LEVEL = 0;
				GCC_PREPROCESSOR_DEFINITIONS = (
					"DEBUG=1",
					"$(inherited)",
				);
				GCC_SYMBOLS_PRIVATE_EXTERN = NO;
				GCC_WARN_64_TO_32_BIT_CONVERSION = YES;
				GCC_WARN_ABOUT_RETURN_TYPE = YES_ERROR;
				GCC_WARN_UNDECLARED_SELECTOR = YES;
				GCC_WARN_UNINITIALIZED_AUTOS = YES;
				GCC_WARN_UNUSED_FUNCTION = YES;
				GCC_WARN_UNUSED_VARIABLE = YES;
				MACOSX_DEPLOYMENT_TARGET = 10.8;
				ONLY_ACTIVE_ARCH = YES;
				SDKROOT = macosx;
			};
			name = Debug;
		};
		75C7E38517C3CA00001247DA /* Release */ = {
			isa = XCBuildConfiguration;
			buildSettings = {
				ALWAYS_SEARCH_USER_PATHS = NO;
				CLANG_CXX_LANGUAGE_STANDARD = "gnu++0x";
				CLANG_CXX_LIBRARY = "libc++";
				CLANG_ENABLE_MODULES = YES;
				CLANG_ENABLE_OBJC_ARC = YES;
				CLANG_WARN_BOOL_CONVERSION = YES;
				CLANG_WARN_CONSTANT_CONVERSION = YES;
				CLANG_WARN_DIRECT_OBJC_ISA_USAGE = YES_ERROR;
				CLANG_WARN_EMPTY_BODY = YES;
				CLANG_WARN_ENUM_CONVERSION = YES;
				CLANG_WARN_INT_CONVERSION = YES;
				CLANG_WARN_OBJC_ROOT_CLASS = YES_ERROR;
				CLANG_WARN__DUPLICATE_METHOD_MATCH = YES;
				COPY_PHASE_STRIP = YES;
				DEBUG_INFORMATION_FORMAT = "dwarf-with-dsym";
				ENABLE_NS_ASSERTIONS = NO;
				GCC_C_LANGUAGE_STANDARD = gnu99;
				GCC_ENABLE_OBJC_EXCEPTIONS = YES;
				GCC_WARN_64_TO_32_BIT_CONVERSION = YES;
				GCC_WARN_ABOUT_RETURN_TYPE = YES_ERROR;
				GCC_WARN_UNDECLARED_SELECTOR = YES;
				GCC_WARN_UNINITIALIZED_AUTOS = YES;
				GCC_WARN_UNUSED_FUNCTION = YES;
				GCC_WARN_UNUSED_VARIABLE = YES;
				MACOSX_DEPLOYMENT_TARGET = 10.8;
				SDKROOT = macosx;
			};
			name = Release;
		};
		75C7E38717C3CA00001247DA /* Debug */ = {
			isa = XCBuildConfiguration;
			buildSettings = {
				CLANG_CXX_LANGUAGE_STANDARD = "c++0x";
				PRODUCT_NAME = "$(TARGET_NAME)";
			};
			name = Debug;
		};
		75C7E38817C3CA00001247DA /* Release */ = {
			isa = XCBuildConfiguration;
			buildSettings = {
				CLANG_CXX_LANGUAGE_STANDARD = "c++0x";
				PRODUCT_NAME = "$(TARGET_NAME)";
			};
			name = Release;
		};
/* End XCBuildConfiguration section */

/* Begin XCConfigurationList section */
		75C7E37817C3CA00001247DA /* Build configuration list for PBXProject "dcpu" */ = {
			isa = XCConfigurationList;
			buildConfigurations = (
				75C7E38417C3CA00001247DA /* Debug */,
				75C7E38517C3CA00001247DA /* Release */,
			);
			defaultConfigurationIsVisible = 0;
			defaultConfigurationName = Release;
		};
		75C7E38617C3CA00001247DA /* Build configuration list for PBXNativeTarget "dcpu" */ = {
			isa = XCConfigurationList;
			buildConfigurations = (
				75C7E38717C3CA00001247DA /* Debug */,
				75C7E38817C3CA00001247DA /* Release */,
			);
			defaultConfigurationIsVisible = 0;
			defaultConfigurationName = Release;
		};
/* End XCConfigurationList section */
	};
	rootObject = 75C7E37517C3CA00001247DA /* Project object */;
}
